Microsoft Visual Studio Solution File, Format Version 12.00
Project("{e78d8707-8582-4e3b-9cde-a20f5b342c25}") = "MrktAttachment", "..\packages\MrktAttachment\Files\MrktAttachment.csproj", "{013d3dad-386a-4515-86d1-67c320d3ee02}"
EndProject
Global
	GlobalSection(SolutionConfigurationPlatforms) = preSolution
		Debug|Any CPU = Debug|Any CPU
		Release|Any CPU = Release|Any CPU
	EndGlobalSection
	GlobalSection(ProjectConfigurationPlatforms) = postSolution
			{013d3dad-386a-4515-86d1-67c320d3ee02}.Debug|Any CPU.ActiveCfg = Debug|Any CPU
			{013d3dad-386a-4515-86d1-67c320d3ee02}.Debug|Any CPU.Build.0 = Debug|Any CPU
			{013d3dad-386a-4515-86d1-67c320d3ee02}.Release|Any CPU.ActiveCfg = Release|Any CPU
			{013d3dad-386a-4515-86d1-67c320d3ee02}.Release|Any CPU.Build.0 = Release|Any CPU
	EndGlobalSection
EndGlobal
